
Microsoft Visual Studio Solution File, Format Version 12.00
# Visual Studio Version 16
VisualStudioVersion = 16.0.29905.134
MinimumVisualStudioVersion = 10.0.40219.1
Project("{FAE04EC0-301F-11D3-BF4B-00C04F79EFBC}") = "KillTheKing", "KillTheKing\KillTheKing.csproj", "{227778B4-C907-492D-BC5A-5E1CE869B729}"
EndProject
Global
	GlobalSection(SolutionConfigurationPlatforms) = preSolution
		Debug|Any CPU = Debug|Any CPU
		Release|Any CPU = Release|Any CPU
	EndGlobalSection
	GlobalSection(ProjectConfigurationPlatforms) = postSolution
		{227778B4-C907-492D-BC5A-5E1CE869B729}.Debug|Any CPU.ActiveCfg = Debug|Any CPU
		{227778B4-C907-492D-BC5A-5E1CE869B729}.Debug|Any CPU.Build.0 = Debug|Any CPU
		{227778B4-C907-492D-BC5A-5E1CE869B729}.Release|Any CPU.ActiveCfg = Release|Any CPU
		{227778B4-C907-492D-BC5A-5E1CE869B729}.Release|Any CPU.Build.0 = Release|Any CPU
	EndGlobalSection
	GlobalSection(SolutionProperties) = preSolution
		HideSolutionNode = FALSE
	EndGlobalSection
	GlobalSection(ExtensibilityGlobals) = postSolution
		SolutionGuid = {02BE7D9C-C53F-4886-9BE1-EE3C4FD5D8EA}
	EndGlobalSection
EndGlobal
